
Microsoft Visual Studio Solution File, Format Version 12.00
# Visual Studio Version 16
VisualStudioVersion = 16.0.29709.97
MinimumVisualStudioVersion = 10.0.40219.1
Project("{9A19103F-16F7-4668-BE54-9A1E7A4F7556}") = "DownloaderGateway", "DownloaderGateway\DownloaderGateway.csproj", "{5AB69DD7-7E22-49FA-B350-E7A367646074}"
EndProject
Project("{9A19103F-16F7-4668-BE54-9A1E7A4F7556}") = "FrontendRequestService", "FrontendRequestService\FrontendRequestService.csproj", "{8960B2BE-FB32-4773-8E7A-09CE60553BA7}"
EndProject
Project("{9A19103F-16F7-4668-BE54-9A1E7A4F7556}") = "DownloadHandlerService", "DownloadHandlerService\DownloadHandlerService.csproj", "{39024328-562D-4E8F-9DF4-B3EF35EC1F25}"
EndProject
Global
	GlobalSection(SolutionConfigurationPlatforms) = preSolution
		Debug|Any CPU = Debug|Any CPU
		Release|Any CPU = Release|Any CPU
	EndGlobalSection
	GlobalSection(ProjectConfigurationPlatforms) = postSolution
		{5AB69DD7-7E22-49FA-B350-E7A367646074}.Debug|Any CPU.ActiveCfg = Debug|Any CPU
		{5AB69DD7-7E22-49FA-B350-E7A367646074}.Debug|Any CPU.Build.0 = Debug|Any CPU
		{5AB69DD7-7E22-49FA-B350-E7A367646074}.Release|Any CPU.ActiveCfg = Release|Any CPU
		{5AB69DD7-7E22-49FA-B350-E7A367646074}.Release|Any CPU.Build.0 = Release|Any CPU
		{8960B2BE-FB32-4773-8E7A-09CE60553BA7}.Debug|Any CPU.ActiveCfg = Debug|Any CPU
		{8960B2BE-FB32-4773-8E7A-09CE60553BA7}.Debug|Any CPU.Build.0 = Debug|Any CPU
		{8960B2BE-FB32-4773-8E7A-09CE60553BA7}.Release|Any CPU.ActiveCfg = Release|Any CPU
		{8960B2BE-FB32-4773-8E7A-09CE60553BA7}.Release|Any CPU.Build.0 = Release|Any CPU
		{39024328-562D-4E8F-9DF4-B3EF35EC1F25}.Debug|Any CPU.ActiveCfg = Debug|Any CPU
		{39024328-562D-4E8F-9DF4-B3EF35EC1F25}.Debug|Any CPU.Build.0 = Debug|Any CPU
		{39024328-562D-4E8F-9DF4-B3EF35EC1F25}.Release|Any CPU.ActiveCfg = Release|Any CPU
		{39024328-562D-4E8F-9DF4-B3EF35EC1F25}.Release|Any CPU.Build.0 = Release|Any CPU
	EndGlobalSection
	GlobalSection(SolutionProperties) = preSolution
		HideSolutionNode = FALSE
	EndGlobalSection
	GlobalSection(ExtensibilityGlobals) = postSolution
		SolutionGuid = {FF556237-89F6-4275-AC53-009C202085B4}
	EndGlobalSection
EndGlobal
